// !$*UTF8*$!
{
	archiveVersion = 1;
	classes = {
	};
	objectVersion = 55;
	objects = {

/* Begin PBXBuildFile section */
		C491D1B02807182400E8D2D1 /* SiebtrackerApp.swift in Sources */ = {isa = PBXBuildFile; fileRef = C491D1AF2807182400E8D2D1 /* SiebtrackerApp.swift */; };
		C491D1B22807182400E8D2D1 /* ContentView.swift in Sources */ = {isa = PBXBuildFile; fileRef = C491D1B12807182400E8D2D1 /* ContentView.swift */; };
		C491D1B42807182500E8D2D1 /* Assets.xcassets in Resources */ = {isa = PBXBuildFile; fileRef = C491D1B32807182500E8D2D1 /* Assets.xcassets */; };
		C491D1B72807182500E8D2D1 /* Preview Assets.xcassets in Resources */ = {isa = PBXBuildFile; fileRef = C491D1B62807182500E8D2D1 /* Preview Assets.xcassets */; };
		C491D1B92807182500E8D2D1 /* Persistence.swift in Sources */ = {isa = PBXBuildFile; fileRef = C491D1B82807182500E8D2D1 /* Persistence.swift */; };
		C491D1BC2807182500E8D2D1 /* Siebtracker.xcdatamodeld in Sources */ = {isa = PBXBuildFile; fileRef = C491D1BA2807182500E8D2D1 /* Siebtracker.xcdatamodeld */; };
		C491D1C72807182600E8D2D1 /* SiebtrackerTests.swift in Sources */ = {isa = PBXBuildFile; fileRef = C491D1C62807182600E8D2D1 /* SiebtrackerTests.swift */; };
		C491D1D12807182600E8D2D1 /* SiebtrackerUITests.swift in Sources */ = {isa = PBXBuildFile; fileRef = C491D1D02807182600E8D2D1 /* SiebtrackerUITests.swift */; };
		C491D1D32807182600E8D2D1 /* SiebtrackerUITestsLaunchTests.swift in Sources */ = {isa = PBXBuildFile; fileRef = C491D1D22807182600E8D2D1 /* SiebtrackerUITestsLaunchTests.swift */; };
/* End PBXBuildFile section */

/* Begin PBXContainerItemProxy section */
		C491D1C32807182600E8D2D1 /* PBXContainerItemProxy */ = {
			isa = PBXContainerItemProxy;
			containerPortal = C491D1A42807182400E8D2D1 /* Project object */;
			proxyType = 1;
			remoteGlobalIDString = C491D1AB2807182400E8D2D1;
			remoteInfo = Siebtracker;
		};
		C491D1CD2807182600E8D2D1 /* PBXContainerItemProxy */ = {
			isa = PBXContainerItemProxy;
			containerPortal = C491D1A42807182400E8D2D1 /* Project object */;
			proxyType = 1;
			remoteGlobalIDString = C491D1AB2807182400E8D2D1;
			remoteInfo = Siebtracker;
		};
/* End PBXContainerItemProxy section */

/* Begin PBXFileReference section */
		C491D1AC2807182400E8D2D1 /* Siebtracker.app */ = {isa = PBXFileReference; explicitFileType = wrapper.application; includeInIndex = 0; path = Siebtracker.app; sourceTree = BUILT_PRODUCTS_DIR; };
		C491D1AF2807182400E8D2D1 /* SiebtrackerApp.swift */ = {isa = PBXFileReference; lastKnownFileType = sourcecode.swift; path = SiebtrackerApp.swift; sourceTree = "<group>"; };
		C491D1B12807182400E8D2D1 /* ContentView.swift */ = {isa = PBXFileReference; lastKnownFileType = sourcecode.swift; path = ContentView.swift; sourceTree = "<group>"; };
		C491D1B32807182500E8D2D1 /* Assets.xcassets */ = {isa = PBXFileReference; lastKnownFileType = folder.assetcatalog; path = Assets.xcassets; sourceTree = "<group>"; };
		C491D1B62807182500E8D2D1 /* Preview Assets.xcassets */ = {isa = PBXFileReference; lastKnownFileType = folder.assetcatalog; path = "Preview Assets.xcassets"; sourceTree = "<group>"; };
		C491D1B82807182500E8D2D1 /* Persistence.swift */ = {isa = PBXFileReference; lastKnownFileType = sourcecode.swift; path = Persistence.swift; sourceTree = "<group>"; };
		C491D1BB2807182500E8D2D1 /* Siebtracker.xcdatamodel */ = {isa = PBXFileReference; lastKnownFileType = wrapper.xcdatamodel; path = Siebtracker.xcdatamodel; sourceTree = "<group>"; };
		C491D1BD2807182500E8D2D1 /* Siebtracker.entitlements */ = {isa = PBXFileReference; lastKnownFileType = text.plist.entitlements; path = Siebtracker.entitlements; sourceTree = "<group>"; };
		C491D1C22807182600E8D2D1 /* SiebtrackerTests.xctest */ = {isa = PBXFileReference; explicitFileType = wrapper.cfbundle; includeInIndex = 0; path = SiebtrackerTests.xctest; sourceTree = BUILT_PRODUCTS_DIR; };
		C491D1C62807182600E8D2D1 /* SiebtrackerTests.swift */ = {isa = PBXFileReference; lastKnownFileType = sourcecode.swift; path = SiebtrackerTests.swift; sourceTree = "<group>"; };
		C491D1CC2807182600E8D2D1 /* SiebtrackerUITests.xctest */ = {isa = PBXFileReference; explicitFileType = wrapper.cfbundle; includeInIndex = 0; path = SiebtrackerUITests.xctest; sourceTree = BUILT_PRODUCTS_DIR; };
		C491D1D02807182600E8D2D1 /* SiebtrackerUITests.swift */ = {isa = PBXFileReference; lastKnownFileType = sourcecode.swift; path = SiebtrackerUITests.swift; sourceTree = "<group>"; };
		C491D1D22807182600E8D2D1 /* SiebtrackerUITestsLaunchTests.swift */ = {isa = PBXFileReference; lastKnownFileType = sourcecode.swift; path = SiebtrackerUITestsLaunchTests.swift; sourceTree = "<group>"; };
/* End PBXFileReference section */

/* Begin PBXFrameworksBuildPhase section */
		C491D1A92807182400E8D2D1 /* Frameworks */ = {
			isa = PBXFrameworksBuildPhase;
			buildActionMask = 2147483647;
			files = (
			);
			runOnlyForDeploymentPostprocessing = 0;
		};
		C491D1BF2807182600E8D2D1 /* Frameworks */ = {
			isa = PBXFrameworksBuildPhase;
			buildActionMask = 2147483647;
			files = (
			);
			runOnlyForDeploymentPostprocessing = 0;
		};
		C491D1C92807182600E8D2D1 /* Frameworks */ = {
			isa = PBXFrameworksBuildPhase;
			buildActionMask = 2147483647;
			files = (
			);
			runOnlyForDeploymentPostprocessing = 0;
		};
/* End PBXFrameworksBuildPhase section */

/* Begin PBXGroup section */
		C491D1A32807182400E8D2D1 = {
			isa = PBXGroup;
			children = (
				C491D1AE2807182400E8D2D1 /* Siebtracker */,
				C491D1C52807182600E8D2D1 /* SiebtrackerTests */,
				C491D1CF2807182600E8D2D1 /* SiebtrackerUITests */,
				C491D1AD2807182400E8D2D1 /* Products */,
			);
			sourceTree = "<group>";
		};
		C491D1AD2807182400E8D2D1 /* Products */ = {
			isa = PBXGroup;
			children = (
				C491D1AC2807182400E8D2D1 /* Siebtracker.app */,
				C491D1C22807182600E8D2D1 /* SiebtrackerTests.xctest */,
				C491D1CC2807182600E8D2D1 /* SiebtrackerUITests.xctest */,
			);
			name = Products;
			sourceTree = "<group>";
		};
		C491D1AE2807182400E8D2D1 /* Siebtracker */ = {
			isa = PBXGroup;
			children = (
				C491D1AF2807182400E8D2D1 /* SiebtrackerApp.swift */,
				C491D1B12807182400E8D2D1 /* ContentView.swift */,
				C491D1B32807182500E8D2D1 /* Assets.xcassets */,
				C491D1B82807182500E8D2D1 /* Persistence.swift */,
				C491D1BD2807182500E8D2D1 /* Siebtracker.entitlements */,
				C491D1BA2807182500E8D2D1 /* Siebtracker.xcdatamodeld */,
				C491D1B52807182500E8D2D1 /* Preview Content */,
			);
			path = Siebtracker;
			sourceTree = "<group>";
		};
		C491D1B52807182500E8D2D1 /* Preview Content */ = {
			isa = PBXGroup;
			children = (
				C491D1B62807182500E8D2D1 /* Preview Assets.xcassets */,
			);
			path = "Preview Content";
			sourceTree = "<group>";
		};
		C491D1C52807182600E8D2D1 /* SiebtrackerTests */ = {
			isa = PBXGroup;
			children = (
				C491D1C62807182600E8D2D1 /* SiebtrackerTests.swift */,
			);
			path = SiebtrackerTests;
			sourceTree = "<group>";
		};
		C491D1CF2807182600E8D2D1 /* SiebtrackerUITests */ = {
			isa = PBXGroup;
			children = (
				C491D1D02807182600E8D2D1 /* SiebtrackerUITests.swift */,
				C491D1D22807182600E8D2D1 /* SiebtrackerUITestsLaunchTests.swift */,
			);
			path = SiebtrackerUITests;
			sourceTree = "<group>";
		};
/* End PBXGroup section */

/* Begin PBXNativeTarget section */
		C491D1AB2807182400E8D2D1 /* Siebtracker */ = {
			isa = PBXNativeTarget;
			buildConfigurationList = C491D1D62807182600E8D2D1 /* Build configuration list for PBXNativeTarget "Siebtracker" */;
			buildPhases = (
				C491D1A82807182400E8D2D1 /* Sources */,
				C491D1A92807182400E8D2D1 /* Frameworks */,
				C491D1AA2807182400E8D2D1 /* Resources */,
			);
			buildRules = (
			);
			dependencies = (
			);
			name = Siebtracker;
			productName = Siebtracker;
			productReference = C491D1AC2807182400E8D2D1 /* Siebtracker.app */;
			productType = "com.apple.product-type.application";
		};
		C491D1C12807182600E8D2D1 /* SiebtrackerTests */ = {
			isa = PBXNativeTarget;
			buildConfigurationList = C491D1D92807182600E8D2D1 /* Build configuration list for PBXNativeTarget "SiebtrackerTests" */;
			buildPhases = (
				C491D1BE2807182600E8D2D1 /* Sources */,
				C491D1BF2807182600E8D2D1 /* Frameworks */,
				C491D1C02807182600E8D2D1 /* Resources */,
			);
			buildRules = (
			);
			dependencies = (
				C491D1C42807182600E8D2D1 /* PBXTargetDependency */,
			);
			name = SiebtrackerTests;
			productName = SiebtrackerTests;
			productReference = C491D1C22807182600E8D2D1 /* SiebtrackerTests.xctest */;
			productType = "com.apple.product-type.bundle.unit-test";
		};
		C491D1CB2807182600E8D2D1 /* SiebtrackerUITests */ = {
			isa = PBXNativeTarget;
			buildConfigurationList = C491D1DC2807182600E8D2D1 /* Build configuration list for PBXNativeTarget "SiebtrackerUITests" */;
			buildPhases = (
				C491D1C82807182600E8D2D1 /* Sources */,
				C491D1C92807182600E8D2D1 /* Frameworks */,
				C491D1CA2807182600E8D2D1 /* Resources */,
			);
			buildRules = (
			);
			dependencies = (
				C491D1CE2807182600E8D2D1 /* PBXTargetDependency */,
			);
			name = SiebtrackerUITests;
			productName = SiebtrackerUITests;
			productReference = C491D1CC2807182600E8D2D1 /* SiebtrackerUITests.xctest */;
			productType = "com.apple.product-type.bundle.ui-testing";
		};
/* End PBXNativeTarget section */

/* Begin PBXProject section */
		C491D1A42807182400E8D2D1 /* Project object */ = {
			isa = PBXProject;
			attributes = {
				BuildIndependentTargetsInParallel = 1;
				LastSwiftUpdateCheck = 1320;
				LastUpgradeCheck = 1320;
				TargetAttributes = {
					C491D1AB2807182400E8D2D1 = {
						CreatedOnToolsVersion = 13.2;
					};
					C491D1C12807182600E8D2D1 = {
						CreatedOnToolsVersion = 13.2;
						TestTargetID = C491D1AB2807182400E8D2D1;
					};
					C491D1CB2807182600E8D2D1 = {
						CreatedOnToolsVersion = 13.2;
						TestTargetID = C491D1AB2807182400E8D2D1;
					};
				};
			};
			buildConfigurationList = C491D1A72807182400E8D2D1 /* Build configuration list for PBXProject "Siebtracker" */;
			compatibilityVersion = "Xcode 13.0";
			developmentRegion = en;
			hasScannedForEncodings = 0;
			knownRegions = (
				en,
				Base,
			);
			mainGroup = C491D1A32807182400E8D2D1;
			productRefGroup = C491D1AD2807182400E8D2D1 /* Products */;
			projectDirPath = "";
			projectRoot = "";
			targets = (
				C491D1AB2807182400E8D2D1 /* Siebtracker */,
				C491D1C12807182600E8D2D1 /* SiebtrackerTests */,
				C491D1CB2807182600E8D2D1 /* SiebtrackerUITests */,
			);
		};
/* End PBXProject section */

/* Begin PBXResourcesBuildPhase section */
		C491D1AA2807182400E8D2D1 /* Resources */ = {
			isa = PBXResourcesBuildPhase;
			buildActionMask = 2147483647;
			files = (
				C491D1B72807182500E8D2D1 /* Preview Assets.xcassets in Resources */,
				C491D1B42807182500E8D2D1 /* Assets.xcassets in Resources */,
			);
			runOnlyForDeploymentPostprocessing = 0;
		};
		C491D1C02807182600E8D2D1 /* Resources */ = {
			isa = PBXResourcesBuildPhase;
			buildActionMask = 2147483647;
			files = (
			);
			runOnlyForDeploymentPostprocessing = 0;
		};
		C491D1CA2807182600E8D2D1 /* Resources */ = {
			isa = PBXResourcesBuildPhase;
			buildActionMask = 2147483647;
			files = (
			);
			runOnlyForDeploymentPostprocessing = 0;
		};
/* End PBXResourcesBuildPhase section */

/* Begin PBXSourcesBuildPhase section */
		C491D1A82807182400E8D2D1 /* Sources */ = {
			isa = PBXSourcesBuildPhase;
			buildActionMask = 2147483647;
			files = (
				C491D1B92807182500E8D2D1 /* Persistence.swift in Sources */,
				C491D1B22807182400E8D2D1 /* ContentView.swift in Sources */,
				C491D1B02807182400E8D2D1 /* SiebtrackerApp.swift in Sources */,
				C491D1BC2807182500E8D2D1 /* Siebtracker.xcdatamodeld in Sources */,
			);
			runOnlyForDeploymentPostprocessing = 0;
		};
		C491D1BE2807182600E8D2D1 /* Sources */ = {
			isa = PBXSourcesBuildPhase;
			buildActionMask = 2147483647;
			files = (
				C491D1C72807182600E8D2D1 /* SiebtrackerTests.swift in Sources */,
			);
			runOnlyForDeploymentPostprocessing = 0;
		};
		C491D1C82807182600E8D2D1 /* Sources */ = {
			isa = PBXSourcesBuildPhase;
			buildActionMask = 2147483647;
			files = (
				C491D1D32807182600E8D2D1 /* SiebtrackerUITestsLaunchTests.swift in Sources */,
				C491D1D12807182600E8D2D1 /* SiebtrackerUITests.swift in Sources */,
			);
			runOnlyForDeploymentPostprocessing = 0;
		};
/* End PBXSourcesBuildPhase section */

/* Begin PBXTargetDependency section */
		C491D1C42807182600E8D2D1 /* PBXTargetDependency */ = {
			isa = PBXTargetDependency;
			target = C491D1AB2807182400E8D2D1 /* Siebtracker */;
			targetProxy = C491D1C32807182600E8D2D1 /* PBXContainerItemProxy */;
		};
		C491D1CE2807182600E8D2D1 /* PBXTargetDependency */ = {
			isa = PBXTargetDependency;
			target = C491D1AB2807182400E8D2D1 /* Siebtracker */;
			targetProxy = C491D1CD2807182600E8D2D1 /* PBXContainerItemProxy */;
		};
/* End PBXTargetDependency section */

/* Begin XCBuildConfiguration section */
		C491D1D42807182600E8D2D1 /* Debug */ = {
			isa = XCBuildConfiguration;
			buildSettings = {
				ALWAYS_SEARCH_USER_PATHS = NO;
				CLANG_ANALYZER_NONNULL = YES;
				CLANG_ANALYZER_NUMBER_OBJECT_CONVERSION = YES_AGGRESSIVE;
				CLANG_CXX_LANGUAGE_STANDARD = "gnu++17";
				CLANG_CXX_LIBRARY = "libc++";
				CLANG_ENABLE_MODULES = YES;
				CLANG_ENABLE_OBJC_ARC = YES;
				CLANG_ENABLE_OBJC_WEAK = YES;
				CLANG_WARN_BLOCK_CAPTURE_AUTORELEASING = YES;
				CLANG_WARN_BOOL_CONVERSION = YES;
				CLANG_WARN_COMMA = YES;
				CLANG_WARN_CONSTANT_CONVERSION = YES;
				CLANG_WARN_DEPRECATED_OBJC_IMPLEMENTATIONS = YES;
				CLANG_WARN_DIRECT_OBJC_ISA_USAGE = YES_ERROR;
				CLANG_WARN_DOCUMENTATION_COMMENTS = YES;
				CLANG_WARN_EMPTY_BODY = YES;
				CLANG_WARN_ENUM_CONVERSION = YES;
				CLANG_WARN_INFINITE_RECURSION = YES;
				CLANG_WARN_INT_CONVERSION = YES;
				CLANG_WARN_NON_LITERAL_NULL_CONVERSION = YES;
				CLANG_WARN_OBJC_IMPLICIT_RETAIN_SELF = YES;
				CLANG_WARN_OBJC_LITERAL_CONVERSION = YES;
				CLANG_WARN_OBJC_ROOT_CLASS = YES_ERROR;
				CLANG_WARN_QUOTED_INCLUDE_IN_FRAMEWORK_HEADER = YES;
				CLANG_WARN_RANGE_LOOP_ANALYSIS = YES;
				CLANG_WARN_STRICT_PROTOTYPES = YES;
				CLANG_WARN_SUSPICIOUS_MOVE = YES;
				CLANG_WARN_UNGUARDED_AVAILABILITY = YES_AGGRESSIVE;
				CLANG_WARN_UNREACHABLE_CODE = YES;
				CLANG_WARN__DUPLICATE_METHOD_MATCH = YES;
				COPY_PHASE_STRIP = NO;
				DEBUG_INFORMATION_FORMAT = dwarf;
				ENABLE_STRICT_OBJC_MSGSEND = YES;
				ENABLE_TESTABILITY = YES;
				GCC_C_LANGUAGE_STANDARD = gnu11;
				GCC_DYNAMIC_NO_PIC = NO;
				GCC_NO_COMMON_BLOCKS = YES;
				GCC_OPTIMIZATION_LEVEL = 0;
				GCC_PREPROCESSOR_DEFINITIONS = (
					"DEBUG=1",
					"$(inherited)",
				);
				GCC_WARN_64_TO_32_BIT_CONVERSION = YES;
				GCC_WARN_ABOUT_RETURN_TYPE = YES_ERROR;
				GCC_WARN_UNDECLARED_SELECTOR = YES;
				GCC_WARN_UNINITIALIZED_AUTOS = YES_AGGRESSIVE;
				GCC_WARN_UNUSED_FUNCTION = YES;
				GCC_WARN_UNUSED_VARIABLE = YES;
				MACOSX_DEPLOYMENT_TARGET = 12.1;
				MTL_ENABLE_DEBUG_INFO = INCLUDE_SOURCE;
				MTL_FAST_MATH = YES;
				ONLY_ACTIVE_ARCH = YES;
				SDKROOT = macosx;
				SWIFT_ACTIVE_COMPILATION_CONDITIONS = DEBUG;
				SWIFT_OPTIMIZATION_LEVEL = "-Onone";
			};
			name = Debug;
		};
		C491D1D52807182600E8D2D1 /* Release */ = {
			isa = XCBuildConfiguration;
			buildSettings = {
				ALWAYS_SEARCH_USER_PATHS = NO;
				CLANG_ANALYZER_NONNULL = YES;
				CLANG_ANALYZER_NUMBER_OBJECT_CONVERSION = YES_AGGRESSIVE;
				CLANG_CXX_LANGUAGE_STANDARD = "gnu++17";
				CLANG_CXX_LIBRARY = "libc++";
				CLANG_ENABLE_MODULES = YES;
				CLANG_ENABLE_OBJC_ARC = YES;
				CLANG_ENABLE_OBJC_WEAK = YES;
				CLANG_WARN_BLOCK_CAPTURE_AUTORELEASING = YES;
				CLANG_WARN_BOOL_CONVERSION = YES;
				CLANG_WARN_COMMA = YES;
				CLANG_WARN_CONSTANT_CONVERSION = YES;
				CLANG_WARN_DEPRECATED_OBJC_IMPLEMENTATIONS = YES;
				CLANG_WARN_DIRECT_OBJC_ISA_USAGE = YES_ERROR;
				CLANG_WARN_DOCUMENTATION_COMMENTS = YES;
				CLANG_WARN_EMPTY_BODY = YES;
				CLANG_WARN_ENUM_CONVERSION = YES;
				CLANG_WARN_INFINITE_RECURSION = YES;
				CLANG_WARN_INT_CONVERSION = YES;
				CLANG_WARN_NON_LITERAL_NULL_CONVERSION = YES;
				CLANG_WARN_OBJC_IMPLICIT_RETAIN_SELF = YES;
				CLANG_WARN_OBJC_LITERAL_CONVERSION = YES;
				CLANG_WARN_OBJC_ROOT_CLASS = YES_ERROR;
				CLANG_WARN_QUOTED_INCLUDE_IN_FRAMEWORK_HEADER = YES;
				CLANG_WARN_RANGE_LOOP_ANALYSIS = YES;
				CLANG_WARN_STRICT_PROTOTYPES = YES;
				CLANG_WARN_SUSPICIOUS_MOVE = YES;
				CLANG_WARN_UNGUARDED_AVAILABILITY = YES_AGGRESSIVE;
				CLANG_WARN_UNREACHABLE_CODE = YES;
				CLANG_WARN__DUPLICATE_METHOD_MATCH = YES;
				COPY_PHASE_STRIP = NO;
				DEBUG_INFORMATION_FORMAT = "dwarf-with-dsym";
				ENABLE_NS_ASSERTIONS = NO;
				ENABLE_STRICT_OBJC_MSGSEND = YES;
				GCC_C_LANGUAGE_STANDARD = gnu11;
				GCC_NO_COMMON_BLOCKS = YES;
				GCC_WARN_64_TO_32_BIT_CONVERSION = YES;
				GCC_WARN_ABOUT_RETURN_TYPE = YES_ERROR;
				GCC_WARN_UNDECLARED_SELECTOR = YES;
				GCC_WARN_UNINITIALIZED_AUTOS = YES_AGGRESSIVE;
				GCC_WARN_UNUSED_FUNCTION = YES;
				GCC_WARN_UNUSED_VARIABLE = YES;
				MACOSX_DEPLOYMENT_TARGET = 12.1;
				MTL_ENABLE_DEBUG_INFO = NO;
				MTL_FAST_MATH = YES;
				SDKROOT = macosx;
				SWIFT_COMPILATION_MODE = wholemodule;
				SWIFT_OPTIMIZATION_LEVEL = "-O";
			};
			name = Release;
		};
		C491D1D72807182600E8D2D1 /* Debug */ = {
			isa = XCBuildConfiguration;
			buildSettings = {
				ASSETCATALOG_COMPILER_APPICON_NAME = AppIcon;
				ASSETCATALOG_COMPILER_GLOBAL_ACCENT_COLOR_NAME = AccentColor;
				CODE_SIGN_ENTITLEMENTS = Siebtracker/Siebtracker.entitlements;
				CODE_SIGN_STYLE = Automatic;
				COMBINE_HIDPI_IMAGES = YES;
				CURRENT_PROJECT_VERSION = 1;
				DEVELOPMENT_ASSET_PATHS = "\"Siebtracker/Preview Content\"";
				DEVELOPMENT_TEAM = 7R5A3G6YKJ;
				ENABLE_HARDENED_RUNTIME = YES;
				ENABLE_PREVIEWS = YES;
				GENERATE_INFOPLIST_FILE = YES;
				INFOPLIST_KEY_NSHumanReadableCopyright = "";
				LD_RUNPATH_SEARCH_PATHS = (
					"$(inherited)",
					"@executable_path/../Frameworks",
				);
				MARKETING_VERSION = 1.0;
				PRODUCT_BUNDLE_IDENTIFIER = timhi.Siebtracker;
				PRODUCT_NAME = "$(TARGET_NAME)";
				SWIFT_EMIT_LOC_STRINGS = YES;
				SWIFT_VERSION = 5.0;
			};
			name = Debug;
		};
		C491D1D82807182600E8D2D1 /* Release */ = {
			isa = XCBuildConfiguration;
			buildSettings = {
				ASSETCATALOG_COMPILER_APPICON_NAME = AppIcon;
				ASSETCATALOG_COMPILER_GLOBAL_ACCENT_COLOR_NAME = AccentColor;
				CODE_SIGN_ENTITLEMENTS = Siebtracker/Siebtracker.entitlements;
				CODE_SIGN_STYLE = Automatic;
				COMBINE_HIDPI_IMAGES = YES;
				CURRENT_PROJECT_VERSION = 1;
				DEVELOPMENT_ASSET_PATHS = "\"Siebtracker/Preview Content\"";
				DEVELOPMENT_TEAM = 7R5A3G6YKJ;
				ENABLE_HARDENED_RUNTIME = YES;
				ENABLE_PREVIEWS = YES;
				GENERATE_INFOPLIST_FILE = YES;
				INFOPLIST_KEY_NSHumanReadableCopyright = "";
				LD_RUNPATH_SEARCH_PATHS = (
					"$(inherited)",
					"@executable_path/../Frameworks",
				);
				MARKETING_VERSION = 1.0;
				PRODUCT_BUNDLE_IDENTIFIER = timhi.Siebtracker;
				PRODUCT_NAME = "$(TARGET_NAME)";
				SWIFT_EMIT_LOC_STRINGS = YES;
				SWIFT_VERSION = 5.0;
			};
			name = Release;
		};
		C491D1DA2807182600E8D2D1 /* Debug */ = {
			isa = XCBuildConfiguration;
			buildSettings = {
				ALWAYS_EMBED_SWIFT_STANDARD_LIBRARIES = YES;
				BUNDLE_LOADER = "$(TEST_HOST)";
				CODE_SIGN_STYLE = Automatic;
				CURRENT_PROJECT_VERSION = 1;
				DEVELOPMENT_TEAM = 7R5A3G6YKJ;
				GENERATE_INFOPLIST_FILE = YES;
				MACOSX_DEPLOYMENT_TARGET = 12.1;
				MARKETING_VERSION = 1.0;
				PRODUCT_BUNDLE_IDENTIFIER = timhi.SiebtrackerTests;
				PRODUCT_NAME = "$(TARGET_NAME)";
				SWIFT_EMIT_LOC_STRINGS = NO;
				SWIFT_VERSION = 5.0;
				TEST_HOST = "$(BUILT_PRODUCTS_DIR)/Siebtracker.app/Contents/MacOS/Siebtracker";
			};
			name = Debug;
		};
		C491D1DB2807182600E8D2D1 /* Release */ = {
			isa = XCBuildConfiguration;
			buildSettings = {
				ALWAYS_EMBED_SWIFT_STANDARD_LIBRARIES = YES;
				BUNDLE_LOADER = "$(TEST_HOST)";
				CODE_SIGN_STYLE = Automatic;
				CURRENT_PROJECT_VERSION = 1;
				DEVELOPMENT_TEAM = 7R5A3G6YKJ;
				GENERATE_INFOPLIST_FILE = YES;
				MACOSX_DEPLOYMENT_TARGET = 12.1;
				MARKETING_VERSION = 1.0;
				PRODUCT_BUNDLE_IDENTIFIER = timhi.SiebtrackerTests;
				PRODUCT_NAME = "$(TARGET_NAME)";
				SWIFT_EMIT_LOC_STRINGS = NO;
				SWIFT_VERSION = 5.0;
				TEST_HOST = "$(BUILT_PRODUCTS_DIR)/Siebtracker.app/Contents/MacOS/Siebtracker";
			};
			name = Release;
		};
		C491D1DD2807182600E8D2D1 /* Debug */ = {
			isa = XCBuildConfiguration;
			buildSettings = {
				ALWAYS_EMBED_SWIFT_STANDARD_LIBRARIES = YES;
				CODE_SIGN_STYLE = Automatic;
				CURRENT_PROJECT_VERSION = 1;
				DEVELOPMENT_TEAM = 7R5A3G6YKJ;
				GENERATE_INFOPLIST_FILE = YES;
				MARKETING_VERSION = 1.0;
				PRODUCT_BUNDLE_IDENTIFIER = timhi.SiebtrackerUITests;
				PRODUCT_NAME = "$(TARGET_NAME)";
				SWIFT_EMIT_LOC_STRINGS = NO;
				SWIFT_VERSION = 5.0;
				TEST_TARGET_NAME = Siebtracker;
			};
			name = Debug;
		};
		C491D1DE2807182600E8D2D1 /* Release */ = {
			isa = XCBuildConfiguration;
			buildSettings = {
				ALWAYS_EMBED_SWIFT_STANDARD_LIBRARIES = YES;
				CODE_SIGN_STYLE = Automatic;
				CURRENT_PROJECT_VERSION = 1;
				DEVELOPMENT_TEAM = 7R5A3G6YKJ;
				GENERATE_INFOPLIST_FILE = YES;
				MARKETING_VERSION = 1.0;
				PRODUCT_BUNDLE_IDENTIFIER = timhi.SiebtrackerUITests;
				PRODUCT_NAME = "$(TARGET_NAME)";
				SWIFT_EMIT_LOC_STRINGS = NO;
				SWIFT_VERSION = 5.0;
				TEST_TARGET_NAME = Siebtracker;
			};
			name = Release;
		};
/* End XCBuildConfiguration section */

/* Begin XCConfigurationList section */
		C491D1A72807182400E8D2D1 /* Build configuration list for PBXProject "Siebtracker" */ = {
			isa = XCConfigurationList;
			buildConfigurations = (
				C491D1D42807182600E8D2D1 /* Debug */,
				C491D1D52807182600E8D2D1 /* Release */,
			);
			defaultConfigurationIsVisible = 0;
			defaultConfigurationName = Release;
		};
		C491D1D62807182600E8D2D1 /* Build configuration list for PBXNativeTarget "Siebtracker" */ = {
			isa = XCConfigurationList;
			buildConfigurations = (
				C491D1D72807182600E8D2D1 /* Debug */,
				C491D1D82807182600E8D2D1 /* Release */,
			);
			defaultConfigurationIsVisible = 0;
			defaultConfigurationName = Release;
		};
		C491D1D92807182600E8D2D1 /* Build configuration list for PBXNativeTarget "SiebtrackerTests" */ = {
			isa = XCConfigurationList;
			buildConfigurations = (
				C491D1DA2807182600E8D2D1 /* Debug */,
				C491D1DB2807182600E8D2D1 /* Release */,
			);
			defaultConfigurationIsVisible = 0;
			defaultConfigurationName = Release;
		};
		C491D1DC2807182600E8D2D1 /* Build configuration list for PBXNativeTarget "SiebtrackerUITests" */ = {
			isa = XCConfigurationList;
			buildConfigurations = (
				C491D1DD2807182600E8D2D1 /* Debug */,
				C491D1DE2807182600E8D2D1 /* Release */,
			);
			defaultConfigurationIsVisible = 0;
			defaultConfigurationName = Release;
		};
/* End XCConfigurationList section */

/* Begin XCVersionGroup section */
		C491D1BA2807182500E8D2D1 /* Siebtracker.xcdatamodeld */ = {
			isa = XCVersionGroup;
			children = (
				C491D1BB2807182500E8D2D1 /* Siebtracker.xcdatamodel */,
			);
			currentVersion = C491D1BB2807182500E8D2D1 /* Siebtracker.xcdatamodel */;
			path = Siebtracker.xcdatamodeld;
			sourceTree = "<group>";
			versionGroupType = wrapper.xcdatamodel;
		};
/* End XCVersionGroup section */
	};
	rootObject = C491D1A42807182400E8D2D1 /* Project object */;
}
